
Microsoft Visual Studio Solution File, Format Version 11.00
# Visual Studio 2010
Project("{FAE04EC0-301F-11D3-BF4B-00C04F79EFBC}") = "DS-stats-WebService", "DS-stats-WebService\DS-stats-WebService.csproj", "{3142AE79-E61A-485F-952E-8004FEACB204}"
EndProject
Global
	GlobalSection(SolutionConfigurationPlatforms) = preSolution
		Debug|Any CPU = Debug|Any CPU
		Release|Any CPU = Release|Any CPU
	EndGlobalSection
	GlobalSection(ProjectConfigurationPlatforms) = postSolution
		{3142AE79-E61A-485F-952E-8004FEACB204}.Debug|Any CPU.ActiveCfg = Debug|Any CPU
		{3142AE79-E61A-485F-952E-8004FEACB204}.Debug|Any CPU.Build.0 = Debug|Any CPU
		{3142AE79-E61A-485F-952E-8004FEACB204}.Release|Any CPU.ActiveCfg = Release|Any CPU
		{3142AE79-E61A-485F-952E-8004FEACB204}.Release|Any CPU.Build.0 = Release|Any CPU
	EndGlobalSection
	GlobalSection(SolutionProperties) = preSolution
		HideSolutionNode = FALSE
	EndGlobalSection
EndGlobal
